
Microsoft Visual Studio Solution File, Format Version 12.00
# Visual Studio Version 17
VisualStudioVersion = 17.14.36603.0 d17.14
MinimumVisualStudioVersion = 10.0.40219.1
Project("{FAE04EC0-301F-11D3-BF4B-00C04F79EFBC}") = "PoliVelizFrancisco_Ejercicios_Clase4", "PoliVelizFrancisco_Ejercicios_Clase4.csproj", "{2F19F9C5-F845-4E61-B1B9-B7BF8568D787}"
EndProject
Global
	GlobalSection(SolutionConfigurationPlatforms) = preSolution
		Debug|Any CPU = Debug|Any CPU
		Release|Any CPU = Release|Any CPU
	EndGlobalSection
	GlobalSection(ProjectConfigurationPlatforms) = postSolution
		{2F19F9C5-F845-4E61-B1B9-B7BF8568D787}.Debug|Any CPU.ActiveCfg = Debug|Any CPU
		{2F19F9C5-F845-4E61-B1B9-B7BF8568D787}.Debug|Any CPU.Build.0 = Debug|Any CPU
		{2F19F9C5-F845-4E61-B1B9-B7BF8568D787}.Release|Any CPU.ActiveCfg = Release|Any CPU
		{2F19F9C5-F845-4E61-B1B9-B7BF8568D787}.Release|Any CPU.Build.0 = Release|Any CPU
	EndGlobalSection
	GlobalSection(SolutionProperties) = preSolution
		HideSolutionNode = FALSE
	EndGlobalSection
	GlobalSection(ExtensibilityGlobals) = postSolution
		SolutionGuid = {A5CF93B7-FE15-4ABC-88FA-8844C772D4CF}
	EndGlobalSection
EndGlobal
